
Microsoft Visual Studio Solution File, Format Version 12.00
# Visual Studio Version 17
VisualStudioVersion = 17.11.35327.3
MinimumVisualStudioVersion = 10.0.40219.1
Project("{FAE04EC0-301F-11D3-BF4B-00C04F79EFBC}") = "ProjBiblioteca", "ProjBiblioteca\ProjBiblioteca.csproj", "{B1B4DCF7-1F93-4C57-B8D0-99F3BF27351E}"
EndProject
Global
	GlobalSection(SolutionConfigurationPlatforms) = preSolution
		Debug|Any CPU = Debug|Any CPU
		Release|Any CPU = Release|Any CPU
	EndGlobalSection
	GlobalSection(ProjectConfigurationPlatforms) = postSolution
		{B1B4DCF7-1F93-4C57-B8D0-99F3BF27351E}.Debug|Any CPU.ActiveCfg = Debug|Any CPU
		{B1B4DCF7-1F93-4C57-B8D0-99F3BF27351E}.Debug|Any CPU.Build.0 = Debug|Any CPU
		{B1B4DCF7-1F93-4C57-B8D0-99F3BF27351E}.Release|Any CPU.ActiveCfg = Release|Any CPU
		{B1B4DCF7-1F93-4C57-B8D0-99F3BF27351E}.Release|Any CPU.Build.0 = Release|Any CPU
	EndGlobalSection
	GlobalSection(SolutionProperties) = preSolution
		HideSolutionNode = FALSE
	EndGlobalSection
	GlobalSection(ExtensibilityGlobals) = postSolution
		SolutionGuid = {B4116192-42F9-4832-A763-606A0A761797}
	EndGlobalSection
EndGlobal
